
Microsoft Visual Studio Solution File, Format Version 11.00
# Visual Studio 2010
Project("{FAE04EC0-301F-11D3-BF4B-00C04F79EFBC}") = "Assembly-CSharp", "Assembly-CSharp.csproj", "{15bf0b73-0ed2-6438-f076-5e4b511f1614}"
EndProject
Project("{FAE04EC0-301F-11D3-BF4B-00C04F79EFBC}") = "Assembly-CSharp-Editor", "Assembly-CSharp-Editor.csproj", "{064aecea-d43d-f091-1bce-921ee1f25dc5}"
EndProject
Global
	GlobalSection(SolutionConfigurationPlatforms) = preSolution
		Debug|Any CPU = Debug|Any CPU
	EndGlobalSection
	GlobalSection(ProjectConfigurationPlatforms) = postSolution
		{15bf0b73-0ed2-6438-f076-5e4b511f1614}.Debug|Any CPU.ActiveCfg = Debug|Any CPU
		{15bf0b73-0ed2-6438-f076-5e4b511f1614}.Debug|Any CPU.Build.0 = Debug|Any CPU
		{064aecea-d43d-f091-1bce-921ee1f25dc5}.Debug|Any CPU.ActiveCfg = Debug|Any CPU
		{064aecea-d43d-f091-1bce-921ee1f25dc5}.Debug|Any CPU.Build.0 = Debug|Any CPU
	EndGlobalSection
	GlobalSection(SolutionProperties) = preSolution
		HideSolutionNode = FALSE
	EndGlobalSection
EndGlobal
